
Microsoft Visual Studio Solution File, Format Version 12.00
# Visual Studio Version 17
VisualStudioVersion = 17.7.34221.43
MinimumVisualStudioVersion = 10.0.40219.1
Project("{FAE04EC0-301F-11D3-BF4B-00C04F79EFBC}") = "MVCBike", "MVCBike\MVCBike.csproj", "{E9C6B41F-5310-420C-AA76-E7E903EC9088}"
EndProject
Global
	GlobalSection(SolutionConfigurationPlatforms) = preSolution
		Debug|Any CPU = Debug|Any CPU
		Release|Any CPU = Release|Any CPU
	EndGlobalSection
	GlobalSection(ProjectConfigurationPlatforms) = postSolution
		{E9C6B41F-5310-420C-AA76-E7E903EC9088}.Debug|Any CPU.ActiveCfg = Debug|Any CPU
		{E9C6B41F-5310-420C-AA76-E7E903EC9088}.Debug|Any CPU.Build.0 = Debug|Any CPU
		{E9C6B41F-5310-420C-AA76-E7E903EC9088}.Release|Any CPU.ActiveCfg = Release|Any CPU
		{E9C6B41F-5310-420C-AA76-E7E903EC9088}.Release|Any CPU.Build.0 = Release|Any CPU
	EndGlobalSection
	GlobalSection(SolutionProperties) = preSolution
		HideSolutionNode = FALSE
	EndGlobalSection
	GlobalSection(ExtensibilityGlobals) = postSolution
		SolutionGuid = {5EF9FE9B-60D8-407E-973D-7A07E630EF3D}
	EndGlobalSection
EndGlobal
